// !$*UTF8*$!
{
	archiveVersion = 1;
	classes = {
	};
	objectVersion = 46;
	objects = {

/* Begin PBXBuildFile section */
		4A59F01B1D5C607E00239750 /* main.m in Sources */ = {isa = PBXBuildFile; fileRef = 4A59F01A1D5C607E00239750 /* main.m */; };
		4A59F01E1D5C607E00239750 /* AppDelegate.m in Sources */ = {isa = PBXBuildFile; fileRef = 4A59F01D1D5C607E00239750 /* AppDelegate.m */; };
		4A59F0261D5C607E00239750 /* Assets.xcassets in Resources */ = {isa = PBXBuildFile; fileRef = 4A59F0251D5C607E00239750 /* Assets.xcassets */; };
		4A59F0291D5C607E00239750 /* LaunchScreen.storyboard in Resources */ = {isa = PBXBuildFile; fileRef = 4A59F0271D5C607E00239750 /* LaunchScreen.storyboard */; };
		4A59F0341D5C607E00239750 /* ____Tests.m in Sources */ = {isa = PBXBuildFile; fileRef = 4A59F0331D5C607E00239750 /* ____Tests.m */; };
		4A59F03F1D5C607E00239750 /* ____UITests.m in Sources */ = {isa = PBXBuildFile; fileRef = 4A59F03E1D5C607E00239750 /* ____UITests.m */; };
		4A59F04F1D5C639800239750 /* NicoNetworking.m in Sources */ = {isa = PBXBuildFile; fileRef = 4A59F04E1D5C639800239750 /* NicoNetworking.m */; };
		4A59F0561D5C661600239750 /* UserModel.m in Sources */ = {isa = PBXBuildFile; fileRef = 4A59F0551D5C661600239750 /* UserModel.m */; };
		4A59F05A1D5C662B00239750 /* LoginViewController.m in Sources */ = {isa = PBXBuildFile; fileRef = 4A59F0581D5C662B00239750 /* LoginViewController.m */; };
		4A59F05B1D5C662B00239750 /* LoginViewController.xib in Resources */ = {isa = PBXBuildFile; fileRef = 4A59F0591D5C662B00239750 /* LoginViewController.xib */; };
		4A59F0671D5C6C3D00239750 /* HomeViewController.m in Sources */ = {isa = PBXBuildFile; fileRef = 4A59F0661D5C6C3D00239750 /* HomeViewController.m */; };
		4A59F06A1D5C769F00239750 /* ZDDWebViewController.m in Sources */ = {isa = PBXBuildFile; fileRef = 4A59F0691D5C769F00239750 /* ZDDWebViewController.m */; };
		4A59F06D1D5C76BF00239750 /* StandardWebViewController.m in Sources */ = {isa = PBXBuildFile; fileRef = 4A59F06C1D5C76BF00239750 /* StandardWebViewController.m */; };
		4A59F0721D5C76FA00239750 /* BaseViewController.m in Sources */ = {isa = PBXBuildFile; fileRef = 4A59F06F1D5C76FA00239750 /* BaseViewController.m */; };
		4A59F0731D5C76FA00239750 /* DetailPageBaseViewController.m in Sources */ = {isa = PBXBuildFile; fileRef = 4A59F0711D5C76FA00239750 /* DetailPageBaseViewController.m */; };
		4A59F0761D5C777600239750 /* BaoxiuWebViewController.m in Sources */ = {isa = PBXBuildFile; fileRef = 4A59F0751D5C777600239750 /* BaoxiuWebViewController.m */; };
		4A59F0791D5C796F00239750 /* MyInfoWebViewController.m in Sources */ = {isa = PBXBuildFile; fileRef = 4A59F0781D5C796F00239750 /* MyInfoWebViewController.m */; };
		4A59F07B1D5C7E2400239750 /* Foundation+Log.m in Sources */ = {isa = PBXBuildFile; fileRef = 4A59F07A1D5C7E2400239750 /* Foundation+Log.m */; };
		4A6865CA1D616650004C5106 /* BusinessDetailView.m in Sources */ = {isa = PBXBuildFile; fileRef = 4A6865C51D616650004C5106 /* BusinessDetailView.m */; };
		4A6865CB1D616650004C5106 /* ProductDetailView.m in Sources */ = {isa = PBXBuildFile; fileRef = 4A6865C71D616650004C5106 /* ProductDetailView.m */; };
		4A6865CC1D616650004C5106 /* UserDetailView.m in Sources */ = {isa = PBXBuildFile; fileRef = 4A6865C91D616650004C5106 /* UserDetailView.m */; };
		4A6865E41D61667D004C5106 /* AddViewController.m in Sources */ = {isa = PBXBuildFile; fileRef = 4A6865CF1D61667D004C5106 /* AddViewController.m */; };
		4A6865E51D61667D004C5106 /* BreedViewController.m in Sources */ = {isa = PBXBuildFile; fileRef = 4A6865D11D61667D004C5106 /* BreedViewController.m */; };
		4A6865E61D61667D004C5106 /* CityViewController.m in Sources */ = {isa = PBXBuildFile; fileRef = 4A6865D31D61667D004C5106 /* CityViewController.m */; };
		4A6865E71D61667D004C5106 /* ClassifyViewController.m in Sources */ = {isa = PBXBuildFile; fileRef = 4A6865D51D61667D004C5106 /* ClassifyViewController.m */; };
		4A6865E81D61667D004C5106 /* DatePickerViewController.m in Sources */ = {isa = PBXBuildFile; fileRef = 4A6865D71D61667D004C5106 /* DatePickerViewController.m */; };
		4A6865E91D61667D004C5106 /* DistricsViewController.m in Sources */ = {isa = PBXBuildFile; fileRef = 4A6865D91D61667D004C5106 /* DistricsViewController.m */; };
		4A6865EA1D61667D004C5106 /* InfoViewController.m in Sources */ = {isa = PBXBuildFile; fileRef = 4A6865DB1D61667D004C5106 /* InfoViewController.m */; };
		4A6865EB1D61667D004C5106 /* ScanCodeViewController.m in Sources */ = {isa = PBXBuildFile; fileRef = 4A6865DD1D61667D004C5106 /* ScanCodeViewController.m */; };
		4A6865EC1D61667D004C5106 /* ServiceViewController.m in Sources */ = {isa = PBXBuildFile; fileRef = 4A6865DF1D61667D004C5106 /* ServiceViewController.m */; };
		4A6865ED1D61667D004C5106 /* TownViewController.m in Sources */ = {isa = PBXBuildFile; fileRef = 4A6865E11D61667D004C5106 /* TownViewController.m */; };
		4A6865EE1D61667D004C5106 /* TypeViewController.m in Sources */ = {isa = PBXBuildFile; fileRef = 4A6865E31D61667D004C5106 /* TypeViewController.m */; };
		4A6865F11D6166C8004C5106 /* HYBModalTransition.m in Sources */ = {isa = PBXBuildFile; fileRef = 4A6865F01D6166C8004C5106 /* HYBModalTransition.m */; };
		4A68DCB51D5D63C700B24EC4 /* ShareAnimation.m in Sources */ = {isa = PBXBuildFile; fileRef = 4A68DCB41D5D63C700B24EC4 /* ShareAnimation.m */; };
		4A68DCB81D5D647800B24EC4 /* ShareViewController.m in Sources */ = {isa = PBXBuildFile; fileRef = 4A68DCB71D5D647800B24EC4 /* ShareViewController.m */; };
		4A68DCD61D5D65DC00B24EC4 /* CancelTableViewCell.m in Sources */ = {isa = PBXBuildFile; fileRef = 4A68DCBA1D5D65DC00B24EC4 /* CancelTableViewCell.m */; };
		4A68DCD71D5D65DC00B24EC4 /* CancelTableViewCell.xib in Resources */ = {isa = PBXBuildFile; fileRef = 4A68DCBB1D5D65DC00B24EC4 /* CancelTableViewCell.xib */; };
		4A68DCD81D5D65DC00B24EC4 /* DetailForthTableViewCell.m in Sources */ = {isa = PBXBuildFile; fileRef = 4A68DCBD1D5D65DC00B24EC4 /* DetailForthTableViewCell.m */; };
		4A68DCD91D5D65DC00B24EC4 /* DetailForthTableViewCell.xib in Resources */ = {isa = PBXBuildFile; fileRef = 4A68DCBE1D5D65DC00B24EC4 /* DetailForthTableViewCell.xib */; };
		4A68DCDA1D5D65DC00B24EC4 /* DetailTaskPlanTableViewCell.m in Sources */ = {isa = PBXBuildFile; fileRef = 4A68DCC01D5D65DC00B24EC4 /* DetailTaskPlanTableViewCell.m */; };
		4A68DCDB1D5D65DC00B24EC4 /* DetailTaskPlanTableViewCell.xib in Resources */ = {isa = PBXBuildFile; fileRef = 4A68DCC11D5D65DC00B24EC4 /* DetailTaskPlanTableViewCell.xib */; };
		4A68DCDC1D5D65DC00B24EC4 /* DetailTaskPlanViewController.m in Sources */ = {isa = PBXBuildFile; fileRef = 4A68DCC31D5D65DC00B24EC4 /* DetailTaskPlanViewController.m */; };
		4A68DCDD1D5D65DC00B24EC4 /* DetailThirdTableViewCell.m in Sources */ = {isa = PBXBuildFile; fileRef = 4A68DCC51D5D65DC00B24EC4 /* DetailThirdTableViewCell.m */; };
		4A68DCDE1D5D65DC00B24EC4 /* DetailThirdTableViewCell.xib in Resources */ = {isa = PBXBuildFile; fileRef = 4A68DCC61D5D65DC00B24EC4 /* DetailThirdTableViewCell.xib */; };
		4A68DCDF1D5D65DC00B24EC4 /* DialogTableViewCell.m in Sources */ = {isa = PBXBuildFile; fileRef = 4A68DCC81D5D65DC00B24EC4 /* DialogTableViewCell.m */; };
		4A68DCE01D5D65DC00B24EC4 /* DialogTableViewCell.xib in Resources */ = {isa = PBXBuildFile; fileRef = 4A68DCC91D5D65DC00B24EC4 /* DialogTableViewCell.xib */; };
		4A68DCE11D5D65DC00B24EC4 /* OtherTableViewCell.m in Sources */ = {isa = PBXBuildFile; fileRef = 4A68DCCB1D5D65DC00B24EC4 /* OtherTableViewCell.m */; };
		4A68DCE21D5D65DC00B24EC4 /* OtherTableViewCell.xib in Resources */ = {isa = PBXBuildFile; fileRef = 4A68DCCC1D5D65DC00B24EC4 /* OtherTableViewCell.xib */; };
		4A68DCE31D5D65DC00B24EC4 /* Section2DetailTableViewCell.m in Sources */ = {isa = PBXBuildFile; fileRef = 4A68DCCE1D5D65DC00B24EC4 /* Section2DetailTableViewCell.m */; };
		4A68DCE41D5D65DC00B24EC4 /* Section2DetailTableViewCell.xib in Resources */ = {isa = PBXBuildFile; fileRef = 4A68DCCF1D5D65DC00B24EC4 /* Section2DetailTableViewCell.xib */; };
		4A68DCE51D5D65DC00B24EC4 /* SectionDetailTaskPlanTableViewCell.m in Sources */ = {isa = PBXBuildFile; fileRef = 4A68DCD11D5D65DC00B24EC4 /* SectionDetailTaskPlanTableViewCell.m */; };
		4A68DCE61D5D65DC00B24EC4 /* SectionDetailTaskPlanTableViewCell.xib in Resources */ = {isa = PBXBuildFile; fileRef = 4A68DCD21D5D65DC00B24EC4 /* SectionDetailTaskPlanTableViewCell.xib */; };
		4A68DCE71D5D65DC00B24EC4 /* TaskPlanToDoTableViewCell.m in Sources */ = {isa = PBXBuildFile; fileRef = 4A68DCD41D5D65DC00B24EC4 /* TaskPlanToDoTableViewCell.m */; };
		4A68DCE81D5D65DC00B24EC4 /* TaskPlanToDoTableViewCell.xib in Resources */ = {isa = PBXBuildFile; fileRef = 4A68DCD51D5D65DC00B24EC4 /* TaskPlanToDoTableViewCell.xib */; };
		4A68DCEB1D5D65FC00B24EC4 /* OrderModel.m in Sources */ = {isa = PBXBuildFile; fileRef = 4A68DCEA1D5D65FC00B24EC4 /* OrderModel.m */; };
		4A68DCF21D5D665E00B24EC4 /* AllOrderViewController.m in Sources */ = {isa = PBXBuildFile; fileRef = 4A68DCED1D5D665D00B24EC4 /* AllOrderViewController.m */; };
		B96A0B7545D3A7C96BC37C04 /* libPods-维客报单.a in Frameworks */ = {isa = PBXBuildFile; fileRef = 4E941DB33648F76242A4663F /* libPods-维客报单.a */; };
/* End PBXBuildFile section */

/* Begin PBXContainerItemProxy section */
		4A59F0301D5C607E00239750 /* PBXContainerItemProxy */ = {
			isa = PBXContainerItemProxy;
			containerPortal = 4A59F00E1D5C607E00239750 /* Project object */;
			proxyType = 1;
			remoteGlobalIDString = 4A59F0151D5C607E00239750;
			remoteInfo = "维客报单";
		};
		4A59F03B1D5C607E00239750 /* PBXContainerItemProxy */ = {
			isa = PBXContainerItemProxy;
			containerPortal = 4A59F00E1D5C607E00239750 /* Project object */;
			proxyType = 1;
			remoteGlobalIDString = 4A59F0151D5C607E00239750;
			remoteInfo = "维客报单";
		};
/* End PBXContainerItemProxy section */

/* Begin PBXFileReference section */
		20C6C6C6661597C6935FD277 /* Pods-维客报单.debug.xcconfig */ = {isa = PBXFileReference; includeInIndex = 1; lastKnownFileType = text.xcconfig; name = "Pods-维客报单.debug.xcconfig"; path = "Pods/Target Support Files/Pods-维客报单/Pods-维客报单.debug.xcconfig"; sourceTree = "<group>"; };
		4A59F0161D5C607E00239750 /* 维客报单.app */ = {isa = PBXFileReference; explicitFileType = wrapper.application; includeInIndex = 0; path = "维客报单.app"; sourceTree = BUILT_PRODUCTS_DIR; };
		4A59F01A1D5C607E00239750 /* main.m */ = {isa = PBXFileReference; lastKnownFileType = sourcecode.c.objc; path = main.m; sourceTree = "<group>"; };
		4A59F01C1D5C607E00239750 /* AppDelegate.h */ = {isa = PBXFileReference; lastKnownFileType = sourcecode.c.h; path = AppDelegate.h; sourceTree = "<group>"; };
		4A59F01D1D5C607E00239750 /* AppDelegate.m */ = {isa = PBXFileReference; lastKnownFileType = sourcecode.c.objc; path = AppDelegate.m; sourceTree = "<group>"; };
		4A59F0251D5C607E00239750 /* Assets.xcassets */ = {isa = PBXFileReference; lastKnownFileType = folder.assetcatalog; path = Assets.xcassets; sourceTree = "<group>"; };
		4A59F0281D5C607E00239750 /* Base */ = {isa = PBXFileReference; lastKnownFileType = file.storyboard; name = Base; path = Base.lproj/LaunchScreen.storyboard; sourceTree = "<group>"; };
		4A59F02A1D5C607E00239750 /* Info.plist */ = {isa = PBXFileReference; lastKnownFileType = text.plist.xml; path = Info.plist; sourceTree = "<group>"; };
		4A59F02F1D5C607E00239750 /* 维客报单Tests.xctest */ = {isa = PBXFileReference; explicitFileType = wrapper.cfbundle; includeInIndex = 0; path = "维客报单Tests.xctest"; sourceTree = BUILT_PRODUCTS_DIR; };
		4A59F0331D5C607E00239750 /* ____Tests.m */ = {isa = PBXFileReference; lastKnownFileType = sourcecode.c.objc; path = "____Tests.m"; sourceTree = "<group>"; };
		4A59F0351D5C607E00239750 /* Info.plist */ = {isa = PBXFileReference; lastKnownFileType = text.plist.xml; path = Info.plist; sourceTree = "<group>"; };
		4A59F03A1D5C607E00239750 /* 维客报单UITests.xctest */ = {isa = PBXFileReference; explicitFileType = wrapper.cfbundle; includeInIndex = 0; path = "维客报单UITests.xctest"; sourceTree = BUILT_PRODUCTS_DIR; };
		4A59F03E1D5C607E00239750 /* ____UITests.m */ = {isa = PBXFileReference; lastKnownFileType = sourcecode.c.objc; path = "____UITests.m"; sourceTree = "<group>"; };
		4A59F0401D5C607E00239750 /* Info.plist */ = {isa = PBXFileReference; lastKnownFileType = text.plist.xml; path = Info.plist; sourceTree = "<group>"; };
		4A59F04C1D5C638F00239750 /* MyDefine.h */ = {isa = PBXFileReference; fileEncoding = 4; lastKnownFileType = sourcecode.c.h; path = MyDefine.h; sourceTree = "<group>"; };
		4A59F04D1D5C639800239750 /* NicoNetworking.h */ = {isa = PBXFileReference; fileEncoding = 4; lastKnownFileType = sourcecode.c.h; path = NicoNetworking.h; sourceTree = "<group>"; };
		4A59F04E1D5C639800239750 /* NicoNetworking.m */ = {isa = PBXFileReference; fileEncoding = 4; lastKnownFileType = sourcecode.c.objc; path = NicoNetworking.m; sourceTree = "<group>"; };
		4A59F0501D5C63BA00239750 /* PrefixHeader.pch */ = {isa = PBXFileReference; fileEncoding = 4; lastKnownFileType = sourcecode.c.h; path = PrefixHeader.pch; sourceTree = "<group>"; };
		4A59F0541D5C661600239750 /* UserModel.h */ = {isa = PBXFileReference; fileEncoding = 4; lastKnownFileType = sourcecode.c.h; path = UserModel.h; sourceTree = "<group>"; };
		4A59F0551D5C661600239750 /* UserModel.m */ = {isa = PBXFileReference; fileEncoding = 4; lastKnownFileType = sourcecode.c.objc; path = UserModel.m; sourceTree = "<group>"; };
		4A59F0571D5C662B00239750 /* LoginViewController.h */ = {isa = PBXFileReference; fileEncoding = 4; lastKnownFileType = sourcecode.c.h; path = LoginViewController.h; sourceTree = "<group>"; };
		4A59F0581D5C662B00239750 /* LoginViewController.m */ = {isa = PBXFileReference; fileEncoding = 4; lastKnownFileType = sourcecode.c.objc; path = LoginViewController.m; sourceTree = "<group>"; };
		4A59F0591D5C662B00239750 /* LoginViewController.xib */ = {isa = PBXFileReference; fileEncoding = 4; lastKnownFileType = file.xib; path = LoginViewController.xib; sourceTree = "<group>"; };
		4A59F0651D5C6C3D00239750 /* HomeViewController.h */ = {isa = PBXFileReference; fileEncoding = 4; lastKnownFileType = sourcecode.c.h; path = HomeViewController.h; sourceTree = "<group>"; };
		4A59F0661D5C6C3D00239750 /* HomeViewController.m */ = {isa = PBXFileReference; fileEncoding = 4; lastKnownFileType = sourcecode.c.objc; path = HomeViewController.m; sourceTree = "<group>"; };
		4A59F0681D5C769F00239750 /* ZDDWebViewController.h */ = {isa = PBXFileReference; fileEncoding = 4; lastKnownFileType = sourcecode.c.h; path = ZDDWebViewController.h; sourceTree = "<group>"; };
		4A59F0691D5C769F00239750 /* ZDDWebViewController.m */ = {isa = PBXFileReference; fileEncoding = 4; lastKnownFileType = sourcecode.c.objc; path = ZDDWebViewController.m; sourceTree = "<group>"; };
		4A59F06B1D5C76BF00239750 /* StandardWebViewController.h */ = {isa = PBXFileReference; fileEncoding = 4; lastKnownFileType = sourcecode.c.h; path = StandardWebViewController.h; sourceTree = "<group>"; };
		4A59F06C1D5C76BF00239750 /* StandardWebViewController.m */ = {isa = PBXFileReference; fileEncoding = 4; lastKnownFileType = sourcecode.c.objc; path = StandardWebViewController.m; sourceTree = "<group>"; };
		4A59F06E1D5C76FA00239750 /* BaseViewController.h */ = {isa = PBXFileReference; fileEncoding = 4; lastKnownFileType = sourcecode.c.h; path = BaseViewController.h; sourceTree = "<group>"; };
		4A59F06F1D5C76FA00239750 /* BaseViewController.m */ = {isa = PBXFileReference; fileEncoding = 4; lastKnownFileType = sourcecode.c.objc; path = BaseViewController.m; sourceTree = "<group>"; };
		4A59F0701D5C76FA00239750 /* DetailPageBaseViewController.h */ = {isa = PBXFileReference; fileEncoding = 4; lastKnownFileType = sourcecode.c.h; path = DetailPageBaseViewController.h; sourceTree = "<group>"; };
		4A59F0711D5C76FA00239750 /* DetailPageBaseViewController.m */ = {isa = PBXFileReference; fileEncoding = 4; lastKnownFileType = sourcecode.c.objc; path = DetailPageBaseViewController.m; sourceTree = "<group>"; };
		4A59F0741D5C777600239750 /* BaoxiuWebViewController.h */ = {isa = PBXFileReference; fileEncoding = 4; lastKnownFileType = sourcecode.c.h; path = BaoxiuWebViewController.h; sourceTree = "<group>"; };
		4A59F0751D5C777600239750 /* BaoxiuWebViewController.m */ = {isa = PBXFileReference; fileEncoding = 4; lastKnownFileType = sourcecode.c.objc; path = BaoxiuWebViewController.m; sourceTree = "<group>"; };
		4A59F0771D5C796F00239750 /* MyInfoWebViewController.h */ = {isa = PBXFileReference; fileEncoding = 4; lastKnownFileType = sourcecode.c.h; path = MyInfoWebViewController.h; sourceTree = "<group>"; };
		4A59F0781D5C796F00239750 /* MyInfoWebViewController.m */ = {isa = PBXFileReference; fileEncoding = 4; lastKnownFileType = sourcecode.c.objc; path = MyInfoWebViewController.m; sourceTree = "<group>"; };
		4A59F07A1D5C7E2400239750 /* Foundation+Log.m */ = {isa = PBXFileReference; fileEncoding = 4; lastKnownFileType = sourcecode.c.objc; path = "Foundation+Log.m"; sourceTree = "<group>"; };
		4A6865C41D616650004C5106 /* BusinessDetailView.h */ = {isa = PBXFileReference; fileEncoding = 4; lastKnownFileType = sourcecode.c.h; path = BusinessDetailView.h; sourceTree = "<group>"; };
		4A6865C51D616650004C5106 /* BusinessDetailView.m */ = {isa = PBXFileReference; fileEncoding = 4; lastKnownFileType = sourcecode.c.objc; path = BusinessDetailView.m; sourceTree = "<group>"; };
		4A6865C61D616650004C5106 /* ProductDetailView.h */ = {isa = PBXFileReference; fileEncoding = 4; lastKnownFileType = sourcecode.c.h; path = ProductDetailView.h; sourceTree = "<group>"; };
		4A6865C71D616650004C5106 /* ProductDetailView.m */ = {isa = PBXFileReference; fileEncoding = 4; lastKnownFileType = sourcecode.c.objc; path = ProductDetailView.m; sourceTree = "<group>"; };
		4A6865C81D616650004C5106 /* UserDetailView.h */ = {isa = PBXFileReference; fileEncoding = 4; lastKnownFileType = sourcecode.c.h; path = UserDetailView.h; sourceTree = "<group>"; };
		4A6865C91D616650004C5106 /* UserDetailView.m */ = {isa = PBXFileReference; fileEncoding = 4; lastKnownFileType = sourcecode.c.objc; path = UserDetailView.m; sourceTree = "<group>"; };
		4A6865CE1D61667D004C5106 /* AddViewController.h */ = {isa = PBXFileReference; fileEncoding = 4; lastKnownFileType = sourcecode.c.h; path = AddViewController.h; sourceTree = "<group>"; };
		4A6865CF1D61667D004C5106 /* AddViewController.m */ = {isa = PBXFileReference; fileEncoding = 4; lastKnownFileType = sourcecode.c.objc; path = AddViewController.m; sourceTree = "<group>"; };
		4A6865D01D61667D004C5106 /* BreedViewController.h */ = {isa = PBXFileReference; fileEncoding = 4; lastKnownFileType = sourcecode.c.h; path = BreedViewController.h; sourceTree = "<group>"; };
		4A6865D11D61667D004C5106 /* BreedViewController.m */ = {isa = PBXFileReference; fileEncoding = 4; lastKnownFileType = sourcecode.c.objc; path = BreedViewController.m; sourceTree = "<group>"; };
		4A6865D21D61667D004C5106 /* CityViewController.h */ = {isa = PBXFileReference; fileEncoding = 4; lastKnownFileType = sourcecode.c.h; path = CityViewController.h; sourceTree = "<group>"; };
		4A6865D31D61667D004C5106 /* CityViewController.m */ = {isa = PBXFileReference; fileEncoding = 4; lastKnownFileType = sourcecode.c.objc; path = CityViewController.m; sourceTree = "<group>"; };
		4A6865D41D61667D004C5106 /* ClassifyViewController.h */ = {isa = PBXFileReference; fileEncoding = 4; lastKnownFileType = sourcecode.c.h; path = ClassifyViewController.h; sourceTree = "<group>"; };
		4A6865D51D61667D004C5106 /* ClassifyViewController.m */ = {isa = PBXFileReference; fileEncoding = 4; lastKnownFileType = sourcecode.c.objc; path = ClassifyViewController.m; sourceTree = "<group>"; };
		4A6865D61D61667D004C5106 /* DatePickerViewController.h */ = {isa = PBXFileReference; fileEncoding = 4; lastKnownFileType = sourcecode.c.h; path = DatePickerViewController.h; sourceTree = "<group>"; };
		4A6865D71D61667D004C5106 /* DatePickerViewController.m */ = {isa = PBXFileReference; fileEncoding = 4; lastKnownFileType = sourcecode.c.objc; path = DatePickerViewController.m; sourceTree = "<group>"; };
		4A6865D81D61667D004C5106 /* DistricsViewController.h */ = {isa = PBXFileReference; fileEncoding = 4; lastKnownFileType = sourcecode.c.h; path = DistricsViewController.h; sourceTree = "<group>"; };
		4A6865D91D61667D004C5106 /* DistricsViewController.m */ = {isa = PBXFileReference; fileEncoding = 4; lastKnownFileType = sourcecode.c.objc; path = DistricsViewController.m; sourceTree = "<group>"; };
		4A6865DA1D61667D004C5106 /* InfoViewController.h */ = {isa = PBXFileReference; fileEncoding = 4; lastKnownFileType = sourcecode.c.h; path = InfoViewController.h; sourceTree = "<group>"; };
		4A6865DB1D61667D004C5106 /* InfoViewController.m */ = {isa = PBXFileReference; fileEncoding = 4; lastKnownFileType = sourcecode.c.objc; path = InfoViewController.m; sourceTree = "<group>"; };
		4A6865DC1D61667D004C5106 /* ScanCodeViewController.h */ = {isa = PBXFileReference; fileEncoding = 4; lastKnownFileType = sourcecode.c.h; path = ScanCodeViewController.h; sourceTree = "<group>"; };
		4A6865DD1D61667D004C5106 /* ScanCodeViewController.m */ = {isa = PBXFileReference; fileEncoding = 4; lastKnownFileType = sourcecode.c.objc; path = ScanCodeViewController.m; sourceTree = "<group>"; };
		4A6865DE1D61667D004C5106 /* ServiceViewController.h */ = {isa = PBXFileReference; fileEncoding = 4; lastKnownFileType = sourcecode.c.h; path = ServiceViewController.h; sourceTree = "<group>"; };
		4A6865DF1D61667D004C5106 /* ServiceViewController.m */ = {isa = PBXFileReference; fileEncoding = 4; lastKnownFileType = sourcecode.c.objc; path = ServiceViewController.m; sourceTree = "<group>"; };
		4A6865E01D61667D004C5106 /* TownViewController.h */ = {isa = PBXFileReference; fileEncoding = 4; lastKnownFileType = sourcecode.c.h; path = TownViewController.h; sourceTree = "<group>"; };
		4A6865E11D61667D004C5106 /* TownViewController.m */ = {isa = PBXFileReference; fileEncoding = 4; lastKnownFileType = sourcecode.c.objc; path = TownViewController.m; sourceTree = "<group>"; };
		4A6865E21D61667D004C5106 /* TypeViewController.h */ = {isa = PBXFileReference; fileEncoding = 4; lastKnownFileType = sourcecode.c.h; path = TypeViewController.h; sourceTree = "<group>"; };
		4A6865E31D61667D004C5106 /* TypeViewController.m */ = {isa = PBXFileReference; fileEncoding = 4; lastKnownFileType = sourcecode.c.objc; path = TypeViewController.m; sourceTree = "<group>"; };
		4A6865EF1D6166C8004C5106 /* HYBModalTransition.h */ = {isa = PBXFileReference; fileEncoding = 4; lastKnownFileType = sourcecode.c.h; path = HYBModalTransition.h; sourceTree = "<group>"; };
		4A6865F01D6166C8004C5106 /* HYBModalTransition.m */ = {isa = PBXFileReference; fileEncoding = 4; lastKnownFileType = sourcecode.c.objc; path = HYBModalTransition.m; sourceTree = "<group>"; };
		4A68DCB31D5D63C700B24EC4 /* ShareAnimation.h */ = {isa = PBXFileReference; fileEncoding = 4; lastKnownFileType = sourcecode.c.h; path = ShareAnimation.h; sourceTree = "<group>"; };
		4A68DCB41D5D63C700B24EC4 /* ShareAnimation.m */ = {isa = PBXFileReference; fileEncoding = 4; lastKnownFileType = sourcecode.c.objc; path = ShareAnimation.m; sourceTree = "<group>"; };
		4A68DCB61D5D647800B24EC4 /* ShareViewController.h */ = {isa = PBXFileReference; fileEncoding = 4; lastKnownFileType = sourcecode.c.h; path = ShareViewController.h; sourceTree = "<group>"; };
		4A68DCB71D5D647800B24EC4 /* ShareViewController.m */ = {isa = PBXFileReference; fileEncoding = 4; lastKnownFileType = sourcecode.c.objc; path = ShareViewController.m; sourceTree = "<group>"; };
		4A68DCB91D5D65DC00B24EC4 /* CancelTableViewCell.h */ = {isa = PBXFileReference; fileEncoding = 4; lastKnownFileType = sourcecode.c.h; path = CancelTableViewCell.h; sourceTree = "<group>"; };
		4A68DCBA1D5D65DC00B24EC4 /* CancelTableViewCell.m */ = {isa = PBXFileReference; fileEncoding = 4; lastKnownFileType = sourcecode.c.objc; path = CancelTableViewCell.m; sourceTree = "<group>"; };
		4A68DCBB1D5D65DC00B24EC4 /* CancelTableViewCell.xib */ = {isa = PBXFileReference; fileEncoding = 4; lastKnownFileType = file.xib; path = CancelTableViewCell.xib; sourceTree = "<group>"; };
		4A68DCBC1D5D65DC00B24EC4 /* DetailForthTableViewCell.h */ = {isa = PBXFileReference; fileEncoding = 4; lastKnownFileType = sourcecode.c.h; path = DetailForthTableViewCell.h; sourceTree = "<group>"; };
		4A68DCBD1D5D65DC00B24EC4 /* DetailForthTableViewCell.m */ = {isa = PBXFileReference; fileEncoding = 4; lastKnownFileType = sourcecode.c.objc; path = DetailForthTableViewCell.m; sourceTree = "<group>"; };
		4A68DCBE1D5D65DC00B24EC4 /* DetailForthTableViewCell.xib */ = {isa = PBXFileReference; fileEncoding = 4; lastKnownFileType = file.xib; path = DetailForthTableViewCell.xib; sourceTree = "<group>"; };
		4A68DCBF1D5D65DC00B24EC4 /* DetailTaskPlanTableViewCell.h */ = {isa = PBXFileReference; fileEncoding = 4; lastKnownFileType = sourcecode.c.h; path = DetailTaskPlanTableViewCell.h; sourceTree = "<group>"; };
		4A68DCC01D5D65DC00B24EC4 /* DetailTaskPlanTableViewCell.m */ = {isa = PBXFileReference; fileEncoding = 4; lastKnownFileType = sourcecode.c.objc; path = DetailTaskPlanTableViewCell.m; sourceTree = "<group>"; };
		4A68DCC11D5D65DC00B24EC4 /* DetailTaskPlanTableViewCell.xib */ = {isa = PBXFileReference; fileEncoding = 4; lastKnownFileType = file.xib; path = DetailTaskPlanTableViewCell.xib; sourceTree = "<group>"; };
		4A68DCC21D5D65DC00B24EC4 /* DetailTaskPlanViewController.h */ = {isa = PBXFileReference; fileEncoding = 4; lastKnownFileType = sourcecode.c.h; path = DetailTaskPlanViewController.h; sourceTree = "<group>"; };
		4A68DCC31D5D65DC00B24EC4 /* DetailTaskPlanViewController.m */ = {isa = PBXFileReference; fileEncoding = 4; lastKnownFileType = sourcecode.c.objc; path = DetailTaskPlanViewController.m; sourceTree = "<group>"; };
		4A68DCC41D5D65DC00B24EC4 /* DetailThirdTableViewCell.h */ = {isa = PBXFileReference; fileEncoding = 4; lastKnownFileType = sourcecode.c.h; path = DetailThirdTableViewCell.h; sourceTree = "<group>"; };
		4A68DCC51D5D65DC00B24EC4 /* DetailThirdTableViewCell.m */ = {isa = PBXFileReference; fileEncoding = 4; lastKnownFileType = sourcecode.c.objc; path = DetailThirdTableViewCell.m; sourceTree = "<group>"; };
		4A68DCC61D5D65DC00B24EC4 /* DetailThirdTableViewCell.xib */ = {isa = PBXFileReference; fileEncoding = 4; lastKnownFileType = file.xib; path = DetailThirdTableViewCell.xib; sourceTree = "<group>"; };
		4A68DCC71D5D65DC00B24EC4 /* DialogTableViewCell.h */ = {isa = PBXFileReference; fileEncoding = 4; lastKnownFileType = sourcecode.c.h; path = DialogTableViewCell.h; sourceTree = "<group>"; };
		4A68DCC81D5D65DC00B24EC4 /* DialogTableViewCell.m */ = {isa = PBXFileReference; fileEncoding = 4; lastKnownFileType = sourcecode.c.objc; path = DialogTableViewCell.m; sourceTree = "<group>"; };
		4A68DCC91D5D65DC00B24EC4 /* DialogTableViewCell.xib */ = {isa = PBXFileReference; fileEncoding = 4; lastKnownFileType = file.xib; path = DialogTableViewCell.xib; sourceTree = "<group>"; };
		4A68DCCA1D5D65DC00B24EC4 /* OtherTableViewCell.h */ = {isa = PBXFileReference; fileEncoding = 4; lastKnownFileType = sourcecode.c.h; path = OtherTableViewCell.h; sourceTree = "<group>"; };
		4A68DCCB1D5D65DC00B24EC4 /* OtherTableViewCell.m */ = {isa = PBXFileReference; fileEncoding = 4; lastKnownFileType = sourcecode.c.objc; path = OtherTableViewCell.m; sourceTree = "<group>"; };
		4A68DCCC1D5D65DC00B24EC4 /* OtherTableViewCell.xib */ = {isa = PBXFileReference; fileEncoding = 4; lastKnownFileType = file.xib; path = OtherTableViewCell.xib; sourceTree = "<group>"; };
		4A68DCCD1D5D65DC00B24EC4 /* Section2DetailTableViewCell.h */ = {isa = PBXFileReference; fileEncoding = 4; lastKnownFileType = sourcecode.c.h; path = Section2DetailTableViewCell.h; sourceTree = "<group>"; };
		4A68DCCE1D5D65DC00B24EC4 /* Section2DetailTableViewCell.m */ = {isa = PBXFileReference; fileEncoding = 4; lastKnownFileType = sourcecode.c.objc; path = Section2DetailTableViewCell.m; sourceTree = "<group>"; };
		4A68DCCF1D5D65DC00B24EC4 /* Section2DetailTableViewCell.xib */ = {isa = PBXFileReference; fileEncoding = 4; lastKnownFileType = file.xib; path = Section2DetailTableViewCell.xib; sourceTree = "<group>"; };
		4A68DCD01D5D65DC00B24EC4 /* SectionDetailTaskPlanTableViewCell.h */ = {isa = PBXFileReference; fileEncoding = 4; lastKnownFileType = sourcecode.c.h; path = SectionDetailTaskPlanTableViewCell.h; sourceTree = "<group>"; };
		4A68DCD11D5D65DC00B24EC4 /* SectionDetailTaskPlanTableViewCell.m */ = {isa = PBXFileReference; fileEncoding = 4; lastKnownFileType = sourcecode.c.objc; path = SectionDetailTaskPlanTableViewCell.m; sourceTree = "<group>"; };
		4A68DCD21D5D65DC00B24EC4 /* SectionDetailTaskPlanTableViewCell.xib */ = {isa = PBXFileReference; fileEncoding = 4; lastKnownFileType = file.xib; path = SectionDetailTaskPlanTableViewCell.xib; sourceTree = "<group>"; };
		4A68DCD31D5D65DC00B24EC4 /* TaskPlanToDoTableViewCell.h */ = {isa = PBXFileReference; fileEncoding = 4; lastKnownFileType = sourcecode.c.h; path = TaskPlanToDoTableViewCell.h; sourceTree = "<group>"; };
		4A68DCD41D5D65DC00B24EC4 /* TaskPlanToDoTableViewCell.m */ = {isa = PBXFileReference; fileEncoding = 4; lastKnownFileType = sourcecode.c.objc; path = TaskPlanToDoTableViewCell.m; sourceTree = "<group>"; };
		4A68DCD51D5D65DC00B24EC4 /* TaskPlanToDoTableViewCell.xib */ = {isa = PBXFileReference; fileEncoding = 4; lastKnownFileType = file.xib; path = TaskPlanToDoTableViewCell.xib; sourceTree = "<group>"; };
		4A68DCE91D5D65FC00B24EC4 /* OrderModel.h */ = {isa = PBXFileReference; fileEncoding = 4; lastKnownFileType = sourcecode.c.h; path = OrderModel.h; sourceTree = "<group>"; };
		4A68DCEA1D5D65FC00B24EC4 /* OrderModel.m */ = {isa = PBXFileReference; fileEncoding = 4; lastKnownFileType = sourcecode.c.objc; path = OrderModel.m; sourceTree = "<group>"; };
		4A68DCEC1D5D665D00B24EC4 /* AllOrderViewController.h */ = {isa = PBXFileReference; fileEncoding = 4; lastKnownFileType = sourcecode.c.h; path = AllOrderViewController.h; sourceTree = "<group>"; };
		4A68DCED1D5D665D00B24EC4 /* AllOrderViewController.m */ = {isa = PBXFileReference; fileEncoding = 4; lastKnownFileType = sourcecode.c.objc; path = AllOrderViewController.m; sourceTree = "<group>"; };
		4E941DB33648F76242A4663F /* libPods-维客报单.a */ = {isa = PBXFileReference; explicitFileType = archive.ar; includeInIndex = 0; path = "libPods-维客报单.a"; sourceTree = BUILT_PRODUCTS_DIR; };
		BEBF6F178E8E3AD865AAB76B /* Pods-维客报单.release.xcconfig */ = {isa = PBXFileReference; includeInIndex = 1; lastKnownFileType = text.xcconfig; name = "Pods-维客报单.release.xcconfig"; path = "Pods/Target Support Files/Pods-维客报单/Pods-维客报单.release.xcconfig"; sourceTree = "<group>"; };
/* End PBXFileReference section */

/* Begin PBXFrameworksBuildPhase section */
		4A59F0131D5C607E00239750 /* Frameworks */ = {
			isa = PBXFrameworksBuildPhase;
			buildActionMask = 2147483647;
			files = (
				B96A0B7545D3A7C96BC37C04 /* libPods-维客报单.a in Frameworks */,
			);
			runOnlyForDeploymentPostprocessing = 0;
		};
		4A59F02C1D5C607E00239750 /* Frameworks */ = {
			isa = PBXFrameworksBuildPhase;
			buildActionMask = 2147483647;
			files = (
			);
			runOnlyForDeploymentPostprocessing = 0;
		};
		4A59F0371D5C607E00239750 /* Frameworks */ = {
			isa = PBXFrameworksBuildPhase;
			buildActionMask = 2147483647;
			files = (
			);
			runOnlyForDeploymentPostprocessing = 0;
		};
/* End PBXFrameworksBuildPhase section */

/* Begin PBXGroup section */
		19DB2D4920D73E0FFE6F7EF7 /* Pods */ = {
			isa = PBXGroup;
			children = (
				20C6C6C6661597C6935FD277 /* Pods-维客报单.debug.xcconfig */,
				BEBF6F178E8E3AD865AAB76B /* Pods-维客报单.release.xcconfig */,
			);
			name = Pods;
			sourceTree = "<group>";
		};
		4A59F00D1D5C607E00239750 = {
			isa = PBXGroup;
			children = (
				4A59F0501D5C63BA00239750 /* PrefixHeader.pch */,
				4A59F0181D5C607E00239750 /* 维客报单 */,
				4A59F0321D5C607E00239750 /* 维客报单Tests */,
				4A59F03D1D5C607E00239750 /* 维客报单UITests */,
				4A59F0171D5C607E00239750 /* Products */,
				19DB2D4920D73E0FFE6F7EF7 /* Pods */,
				AE8D73CA731844E0DC280B63 /* Frameworks */,
			);
			sourceTree = "<group>";
		};
		4A59F0171D5C607E00239750 /* Products */ = {
			isa = PBXGroup;
			children = (
				4A59F0161D5C607E00239750 /* 维客报单.app */,
				4A59F02F1D5C607E00239750 /* 维客报单Tests.xctest */,
				4A59F03A1D5C607E00239750 /* 维客报单UITests.xctest */,
			);
			name = Products;
			sourceTree = "<group>";
		};
		4A59F0181D5C607E00239750 /* 维客报单 */ = {
			isa = PBXGroup;
			children = (
				4A59F05F1D5C66A300239750 /* Controller */,
				4A59F05D1D5C668800239750 /* Model */,
				4A59F05E1D5C669500239750 /* View */,
				4A59F05C1D5C666300239750 /* Base */,
				4A59F0191D5C607E00239750 /* Supporting Files */,
			);
			path = "维客报单";
			sourceTree = "<group>";
		};
		4A59F0191D5C607E00239750 /* Supporting Files */ = {
			isa = PBXGroup;
			children = (
				4A59F01C1D5C607E00239750 /* AppDelegate.h */,
				4A59F01D1D5C607E00239750 /* AppDelegate.m */,
				4A59F04C1D5C638F00239750 /* MyDefine.h */,
				4A59F0251D5C607E00239750 /* Assets.xcassets */,
				4A59F0271D5C607E00239750 /* LaunchScreen.storyboard */,
				4A59F02A1D5C607E00239750 /* Info.plist */,
				4A59F01A1D5C607E00239750 /* main.m */,
			);
			name = "Supporting Files";
			sourceTree = "<group>";
		};
		4A59F0321D5C607E00239750 /* 维客报单Tests */ = {
			isa = PBXGroup;
			children = (
				4A59F0331D5C607E00239750 /* ____Tests.m */,
				4A59F0351D5C607E00239750 /* Info.plist */,
			);
			path = "维客报单Tests";
			sourceTree = "<group>";
		};
		4A59F03D1D5C607E00239750 /* 维客报单UITests */ = {
			isa = PBXGroup;
			children = (
				4A59F03E1D5C607E00239750 /* ____UITests.m */,
				4A59F0401D5C607E00239750 /* Info.plist */,
			);
			path = "维客报单UITests";
			sourceTree = "<group>";
		};
		4A59F05C1D5C666300239750 /* Base */ = {
			isa = PBXGroup;
			children = (
				4A59F07A1D5C7E2400239750 /* Foundation+Log.m */,
				4A59F06E1D5C76FA00239750 /* BaseViewController.h */,
				4A59F06F1D5C76FA00239750 /* BaseViewController.m */,
				4A59F0701D5C76FA00239750 /* DetailPageBaseViewController.h */,
				4A59F0711D5C76FA00239750 /* DetailPageBaseViewController.m */,
				4A59F0681D5C769F00239750 /* ZDDWebViewController.h */,
				4A59F0691D5C769F00239750 /* ZDDWebViewController.m */,
				4A59F04D1D5C639800239750 /* NicoNetworking.h */,
				4A59F04E1D5C639800239750 /* NicoNetworking.m */,
			);
			name = Base;
			sourceTree = "<group>";
		};
		4A59F05D1D5C668800239750 /* Model */ = {
			isa = PBXGroup;
			children = (
				4A59F0541D5C661600239750 /* UserModel.h */,
				4A59F0551D5C661600239750 /* UserModel.m */,
				4A68DCB31D5D63C700B24EC4 /* ShareAnimation.h */,
				4A68DCB41D5D63C700B24EC4 /* ShareAnimation.m */,
				4A68DCE91D5D65FC00B24EC4 /* OrderModel.h */,
				4A68DCEA1D5D65FC00B24EC4 /* OrderModel.m */,
				4A6865EF1D6166C8004C5106 /* HYBModalTransition.h */,
				4A6865F01D6166C8004C5106 /* HYBModalTransition.m */,
			);
			name = Model;
			sourceTree = "<group>";
		};
		4A59F05E1D5C669500239750 /* View */ = {
			isa = PBXGroup;
			children = (
				4A68DCB91D5D65DC00B24EC4 /* CancelTableViewCell.h */,
				4A68DCBA1D5D65DC00B24EC4 /* CancelTableViewCell.m */,
				4A68DCBB1D5D65DC00B24EC4 /* CancelTableViewCell.xib */,
				4A68DCBC1D5D65DC00B24EC4 /* DetailForthTableViewCell.h */,
				4A68DCBD1D5D65DC00B24EC4 /* DetailForthTableViewCell.m */,
				4A68DCBE1D5D65DC00B24EC4 /* DetailForthTableViewCell.xib */,
				4A68DCBF1D5D65DC00B24EC4 /* DetailTaskPlanTableViewCell.h */,
				4A68DCC01D5D65DC00B24EC4 /* DetailTaskPlanTableViewCell.m */,
				4A68DCC11D5D65DC00B24EC4 /* DetailTaskPlanTableViewCell.xib */,
				4A68DCC21D5D65DC00B24EC4 /* DetailTaskPlanViewController.h */,
				4A68DCC31D5D65DC00B24EC4 /* DetailTaskPlanViewController.m */,
				4A68DCC41D5D65DC00B24EC4 /* DetailThirdTableViewCell.h */,
				4A68DCC51D5D65DC00B24EC4 /* DetailThirdTableViewCell.m */,
				4A68DCC61D5D65DC00B24EC4 /* DetailThirdTableViewCell.xib */,
				4A68DCC71D5D65DC00B24EC4 /* DialogTableViewCell.h */,
				4A68DCC81D5D65DC00B24EC4 /* DialogTableViewCell.m */,
				4A68DCC91D5D65DC00B24EC4 /* DialogTableViewCell.xib */,
				4A68DCCA1D5D65DC00B24EC4 /* OtherTableViewCell.h */,
				4A68DCCB1D5D65DC00B24EC4 /* OtherTableViewCell.m */,
				4A68DCCC1D5D65DC00B24EC4 /* OtherTableViewCell.xib */,
				4A68DCCD1D5D65DC00B24EC4 /* Section2DetailTableViewCell.h */,
				4A68DCCE1D5D65DC00B24EC4 /* Section2DetailTableViewCell.m */,
				4A68DCCF1D5D65DC00B24EC4 /* Section2DetailTableViewCell.xib */,
				4A68DCD01D5D65DC00B24EC4 /* SectionDetailTaskPlanTableViewCell.h */,
				4A68DCD11D5D65DC00B24EC4 /* SectionDetailTaskPlanTableViewCell.m */,
				4A68DCD21D5D65DC00B24EC4 /* SectionDetailTaskPlanTableViewCell.xib */,
				4A68DCD31D5D65DC00B24EC4 /* TaskPlanToDoTableViewCell.h */,
				4A68DCD41D5D65DC00B24EC4 /* TaskPlanToDoTableViewCell.m */,
				4A68DCD51D5D65DC00B24EC4 /* TaskPlanToDoTableViewCell.xib */,
				4A6865C41D616650004C5106 /* BusinessDetailView.h */,
				4A6865C51D616650004C5106 /* BusinessDetailView.m */,
				4A6865C61D616650004C5106 /* ProductDetailView.h */,
				4A6865C71D616650004C5106 /* ProductDetailView.m */,
				4A6865C81D616650004C5106 /* UserDetailView.h */,
				4A6865C91D616650004C5106 /* UserDetailView.m */,
			);
			name = View;
			sourceTree = "<group>";
		};
		4A59F05F1D5C66A300239750 /* Controller */ = {
			isa = PBXGroup;
			children = (
				4A59F0571D5C662B00239750 /* LoginViewController.h */,
				4A59F0581D5C662B00239750 /* LoginViewController.m */,
				4A59F0591D5C662B00239750 /* LoginViewController.xib */,
				4A59F0651D5C6C3D00239750 /* HomeViewController.h */,
				4A59F0661D5C6C3D00239750 /* HomeViewController.m */,
				4A59F06B1D5C76BF00239750 /* StandardWebViewController.h */,
				4A59F06C1D5C76BF00239750 /* StandardWebViewController.m */,
				4A59F0741D5C777600239750 /* BaoxiuWebViewController.h */,
				4A59F0751D5C777600239750 /* BaoxiuWebViewController.m */,
				4A59F0771D5C796F00239750 /* MyInfoWebViewController.h */,
				4A59F0781D5C796F00239750 /* MyInfoWebViewController.m */,
				4A68DCB61D5D647800B24EC4 /* ShareViewController.h */,
				4A68DCB71D5D647800B24EC4 /* ShareViewController.m */,
				4A68DCEC1D5D665D00B24EC4 /* AllOrderViewController.h */,
				4A68DCED1D5D665D00B24EC4 /* AllOrderViewController.m */,
				4A6865CD1D616671004C5106 /* 报单 */,
			);
			name = Controller;
			sourceTree = "<group>";
		};
		4A6865CD1D616671004C5106 /* 报单 */ = {
			isa = PBXGroup;
			children = (
				4A6865CE1D61667D004C5106 /* AddViewController.h */,
				4A6865CF1D61667D004C5106 /* AddViewController.m */,
				4A6865D01D61667D004C5106 /* BreedViewController.h */,
				4A6865D11D61667D004C5106 /* BreedViewController.m */,
				4A6865D21D61667D004C5106 /* CityViewController.h */,
				4A6865D31D61667D004C5106 /* CityViewController.m */,
				4A6865D41D61667D004C5106 /* ClassifyViewController.h */,
				4A6865D51D61667D004C5106 /* ClassifyViewController.m */,
				4A6865D61D61667D004C5106 /* DatePickerViewController.h */,
				4A6865D71D61667D004C5106 /* DatePickerViewController.m */,
				4A6865D81D61667D004C5106 /* DistricsViewController.h */,
				4A6865D91D61667D004C5106 /* DistricsViewController.m */,
				4A6865DA1D61667D004C5106 /* InfoViewController.h */,
				4A6865DB1D61667D004C5106 /* InfoViewController.m */,
				4A6865DC1D61667D004C5106 /* ScanCodeViewController.h */,
				4A6865DD1D61667D004C5106 /* ScanCodeViewController.m */,
				4A6865DE1D61667D004C5106 /* ServiceViewController.h */,
				4A6865DF1D61667D004C5106 /* ServiceViewController.m */,
				4A6865E01D61667D004C5106 /* TownViewController.h */,
				4A6865E11D61667D004C5106 /* TownViewController.m */,
				4A6865E21D61667D004C5106 /* TypeViewController.h */,
				4A6865E31D61667D004C5106 /* TypeViewController.m */,
			);
			name = "报单";
			sourceTree = "<group>";
		};
		AE8D73CA731844E0DC280B63 /* Frameworks */ = {
			isa = PBXGroup;
			children = (
				4E941DB33648F76242A4663F /* libPods-维客报单.a */,
			);
			name = Frameworks;
			sourceTree = "<group>";
		};
/* End PBXGroup section */

/* Begin PBXNativeTarget section */
		4A59F0151D5C607E00239750 /* 维客报单 */ = {
			isa = PBXNativeTarget;
			buildConfigurationList = 4A59F0431D5C607E00239750 /* Build configuration list for PBXNativeTarget "维客报单" */;
			buildPhases = (
				E2BB276E88363E9FB394E3CB /* Check Pods Manifest.lock */,
				4A59F0121D5C607E00239750 /* Sources */,
				4A59F0131D5C607E00239750 /* Frameworks */,
				4A59F0141D5C607E00239750 /* Resources */,
				AA0561020A758106D3BF41B7 /* Embed Pods Frameworks */,
				C42E15F14A5115E03D54BEC0 /* Copy Pods Resources */,
			);
			buildRules = (
			);
			dependencies = (
			);
			name = "维客报单";
			productName = "维客报单";
			productReference = 4A59F0161D5C607E00239750 /* 维客报单.app */;
			productType = "com.apple.product-type.application";
		};
		4A59F02E1D5C607E00239750 /* 维客报单Tests */ = {
			isa = PBXNativeTarget;
			buildConfigurationList = 4A59F0461D5C607E00239750 /* Build configuration list for PBXNativeTarget "维客报单Tests" */;
			buildPhases = (
				4A59F02B1D5C607E00239750 /* Sources */,
				4A59F02C1D5C607E00239750 /* Frameworks */,
				4A59F02D1D5C607E00239750 /* Resources */,
			);
			buildRules = (
			);
			dependencies = (
				4A59F0311D5C607E00239750 /* PBXTargetDependency */,
			);
			name = "维客报单Tests";
			productName = "维客报单Tests";
			productReference = 4A59F02F1D5C607E00239750 /* 维客报单Tests.xctest */;
			productType = "com.apple.product-type.bundle.unit-test";
		};
		4A59F0391D5C607E00239750 /* 维客报单UITests */ = {
			isa = PBXNativeTarget;
			buildConfigurationList = 4A59F0491D5C607E00239750 /* Build configuration list for PBXNativeTarget "维客报单UITests" */;
			buildPhases = (
				4A59F0361D5C607E00239750 /* Sources */,
				4A59F0371D5C607E00239750 /* Frameworks */,
				4A59F0381D5C607E00239750 /* Resources */,
			);
			buildRules = (
			);
			dependencies = (
				4A59F03C1D5C607E00239750 /* PBXTargetDependency */,
			);
			name = "维客报单UITests";
			productName = "维客报单UITests";
			productReference = 4A59F03A1D5C607E00239750 /* 维客报单UITests.xctest */;
			productType = "com.apple.product-type.bundle.ui-testing";
		};
/* End PBXNativeTarget section */

/* Begin PBXProject section */
		4A59F00E1D5C607E00239750 /* Project object */ = {
			isa = PBXProject;
			attributes = {
				LastUpgradeCheck = 0720;
				ORGANIZATIONNAME = "张冬冬";
				TargetAttributes = {
					4A59F0151D5C607E00239750 = {
						CreatedOnToolsVersion = 7.2;
						DevelopmentTeam = FGP43E8495;
					};
					4A59F02E1D5C607E00239750 = {
						CreatedOnToolsVersion = 7.2;
						TestTargetID = 4A59F0151D5C607E00239750;
					};
					4A59F0391D5C607E00239750 = {
						CreatedOnToolsVersion = 7.2;
						TestTargetID = 4A59F0151D5C607E00239750;
					};
				};
			};
			buildConfigurationList = 4A59F0111D5C607E00239750 /* Build configuration list for PBXProject "维客报单" */;
			compatibilityVersion = "Xcode 3.2";
			developmentRegion = English;
			hasScannedForEncodings = 0;
			knownRegions = (
				en,
				Base,
			);
			mainGroup = 4A59F00D1D5C607E00239750;
			productRefGroup = 4A59F0171D5C607E00239750 /* Products */;
			projectDirPath = "";
			projectRoot = "";
			targets = (
				4A59F0151D5C607E00239750 /* 维客报单 */,
				4A59F02E1D5C607E00239750 /* 维客报单Tests */,
				4A59F0391D5C607E00239750 /* 维客报单UITests */,
			);
		};
/* End PBXProject section */

/* Begin PBXResourcesBuildPhase section */
		4A59F0141D5C607E00239750 /* Resources */ = {
			isa = PBXResourcesBuildPhase;
			buildActionMask = 2147483647;
			files = (
				4A59F0291D5C607E00239750 /* LaunchScreen.storyboard in Resources */,
				4A68DCE81D5D65DC00B24EC4 /* TaskPlanToDoTableViewCell.xib in Resources */,
				4A68DCD91D5D65DC00B24EC4 /* DetailForthTableViewCell.xib in Resources */,
				4A68DCDB1D5D65DC00B24EC4 /* DetailTaskPlanTableViewCell.xib in Resources */,
				4A68DCE01D5D65DC00B24EC4 /* DialogTableViewCell.xib in Resources */,
				4A68DCD71D5D65DC00B24EC4 /* CancelTableViewCell.xib in Resources */,
				4A59F0261D5C607E00239750 /* Assets.xcassets in Resources */,
				4A68DCE21D5D65DC00B24EC4 /* OtherTableViewCell.xib in Resources */,
				4A68DCDE1D5D65DC00B24EC4 /* DetailThirdTableViewCell.xib in Resources */,
				4A68DCE61D5D65DC00B24EC4 /* SectionDetailTaskPlanTableViewCell.xib in Resources */,
				4A59F05B1D5C662B00239750 /* LoginViewController.xib in Resources */,
				4A68DCE41D5D65DC00B24EC4 /* Section2DetailTableViewCell.xib in Resources */,
			);
			runOnlyForDeploymentPostprocessing = 0;
		};
		4A59F02D1D5C607E00239750 /* Resources */ = {
			isa = PBXResourcesBuildPhase;
			buildActionMask = 2147483647;
			files = (
			);
			runOnlyForDeploymentPostprocessing = 0;
		};
		4A59F0381D5C607E00239750 /* Resources */ = {
			isa = PBXResourcesBuildPhase;
			buildActionMask = 2147483647;
			files = (
			);
			runOnlyForDeploymentPostprocessing = 0;
		};
/* End PBXResourcesBuildPhase section */

/* Begin PBXShellScriptBuildPhase section */
		AA0561020A758106D3BF41B7 /* Embed Pods Frameworks */ = {
			isa = PBXShellScriptBuildPhase;
			buildActionMask = 2147483647;
			files = (
			);
			inputPaths = (
			);
			name = "Embed Pods Frameworks";
			outputPaths = (
			);
			runOnlyForDeploymentPostprocessing = 0;
			shellPath = /bin/sh;
			shellScript = "\"${SRCROOT}/Pods/Target Support Files/Pods-维客报单/Pods-维客报单-frameworks.sh\"\n";
			showEnvVarsInLog = 0;
		};
		C42E15F14A5115E03D54BEC0 /* Copy Pods Resources */ = {
			isa = PBXShellScriptBuildPhase;
			buildActionMask = 2147483647;
			files = (
			);
			inputPaths = (
			);
			name = "Copy Pods Resources";
			outputPaths = (
			);
			runOnlyForDeploymentPostprocessing = 0;
			shellPath = /bin/sh;
			shellScript = "\"${SRCROOT}/Pods/Target Support Files/Pods-维客报单/Pods-维客报单-resources.sh\"\n";
			showEnvVarsInLog = 0;
		};
		E2BB276E88363E9FB394E3CB /* Check Pods Manifest.lock */ = {
			isa = PBXShellScriptBuildPhase;
			buildActionMask = 2147483647;
			files = (
			);
			inputPaths = (
			);
			name = "Check Pods Manifest.lock";
			outputPaths = (
			);
			runOnlyForDeploymentPostprocessing = 0;
			shellPath = /bin/sh;
			shellScript = "diff \"${PODS_ROOT}/../Podfile.lock\" \"${PODS_ROOT}/Manifest.lock\" > /dev/null\nif [[ $? != 0 ]] ; then\n    cat << EOM\nerror: The sandbox is not in sync with the Podfile.lock. Run 'pod install' or update your CocoaPods installation.\nEOM\n    exit 1\nfi\n";
			showEnvVarsInLog = 0;
		};
/* End PBXShellScriptBuildPhase section */

/* Begin PBXSourcesBuildPhase section */
		4A59F0121D5C607E00239750 /* Sources */ = {
			isa = PBXSourcesBuildPhase;
			buildActionMask = 2147483647;
			files = (
				4A59F04F1D5C639800239750 /* NicoNetworking.m in Sources */,
				4A6865CA1D616650004C5106 /* BusinessDetailView.m in Sources */,
				4A6865EA1D61667D004C5106 /* InfoViewController.m in Sources */,
				4A59F0721D5C76FA00239750 /* BaseViewController.m in Sources */,
				4A68DCDA1D5D65DC00B24EC4 /* DetailTaskPlanTableViewCell.m in Sources */,
				4A6865CC1D616650004C5106 /* UserDetailView.m in Sources */,
				4A68DCF21D5D665E00B24EC4 /* AllOrderViewController.m in Sources */,
				4A59F06A1D5C769F00239750 /* ZDDWebViewController.m in Sources */,
				4A6865E91D61667D004C5106 /* DistricsViewController.m in Sources */,
				4A59F0761D5C777600239750 /* BaoxiuWebViewController.m in Sources */,
				4A6865E81D61667D004C5106 /* DatePickerViewController.m in Sources */,
				4A6865EE1D61667D004C5106 /* TypeViewController.m in Sources */,
				4A59F0561D5C661600239750 /* UserModel.m in Sources */,
				4A6865CB1D616650004C5106 /* ProductDetailView.m in Sources */,
				4A68DCEB1D5D65FC00B24EC4 /* OrderModel.m in Sources */,
				4A68DCDC1D5D65DC00B24EC4 /* DetailTaskPlanViewController.m in Sources */,
				4A59F05A1D5C662B00239750 /* LoginViewController.m in Sources */,
				4A68DCE51D5D65DC00B24EC4 /* SectionDetailTaskPlanTableViewCell.m in Sources */,
				4A68DCB51D5D63C700B24EC4 /* ShareAnimation.m in Sources */,
				4A6865EB1D61667D004C5106 /* ScanCodeViewController.m in Sources */,
				4A59F0731D5C76FA00239750 /* DetailPageBaseViewController.m in Sources */,
				4A6865EC1D61667D004C5106 /* ServiceViewController.m in Sources */,
				4A68DCD81D5D65DC00B24EC4 /* DetailForthTableViewCell.m in Sources */,
				4A6865E51D61667D004C5106 /* BreedViewController.m in Sources */,
				4A68DCE71D5D65DC00B24EC4 /* TaskPlanToDoTableViewCell.m in Sources */,
				4A68DCE31D5D65DC00B24EC4 /* Section2DetailTableViewCell.m in Sources */,
				4A59F0791D5C796F00239750 /* MyInfoWebViewController.m in Sources */,
				4A68DCD61D5D65DC00B24EC4 /* CancelTableViewCell.m in Sources */,
				4A59F06D1D5C76BF00239750 /* StandardWebViewController.m in Sources */,
				4A68DCDF1D5D65DC00B24EC4 /* DialogTableViewCell.m in Sources */,
				4A68DCDD1D5D65DC00B24EC4 /* DetailThirdTableViewCell.m in Sources */,
				4A6865ED1D61667D004C5106 /* TownViewController.m in Sources */,
				4A6865E41D61667D004C5106 /* AddViewController.m in Sources */,
				4A68DCE11D5D65DC00B24EC4 /* OtherTableViewCell.m in Sources */,
				4A6865F11D6166C8004C5106 /* HYBModalTransition.m in Sources */,
				4A59F01E1D5C607E00239750 /* AppDelegate.m in Sources */,
				4A6865E71D61667D004C5106 /* ClassifyViewController.m in Sources */,
				4A59F07B1D5C7E2400239750 /* Foundation+Log.m in Sources */,
				4A59F01B1D5C607E00239750 /* main.m in Sources */,
				4A6865E61D61667D004C5106 /* CityViewController.m in Sources */,
				4A68DCB81D5D647800B24EC4 /* ShareViewController.m in Sources */,
				4A59F0671D5C6C3D00239750 /* HomeViewController.m in Sources */,
			);
			runOnlyForDeploymentPostprocessing = 0;
		};
		4A59F02B1D5C607E00239750 /* Sources */ = {
			isa = PBXSourcesBuildPhase;
			buildActionMask = 2147483647;
			files = (
				4A59F0341D5C607E00239750 /* ____Tests.m in Sources */,
			);
			runOnlyForDeploymentPostprocessing = 0;
		};
		4A59F0361D5C607E00239750 /* Sources */ = {
			isa = PBXSourcesBuildPhase;
			buildActionMask = 2147483647;
			files = (
				4A59F03F1D5C607E00239750 /* ____UITests.m in Sources */,
			);
			runOnlyForDeploymentPostprocessing = 0;
		};
/* End PBXSourcesBuildPhase section */

/* Begin PBXTargetDependency section */
		4A59F0311D5C607E00239750 /* PBXTargetDependency */ = {
			isa = PBXTargetDependency;
			target = 4A59F0151D5C607E00239750 /* 维客报单 */;
			targetProxy = 4A59F0301D5C607E00239750 /* PBXContainerItemProxy */;
		};
		4A59F03C1D5C607E00239750 /* PBXTargetDependency */ = {
			isa = PBXTargetDependency;
			target = 4A59F0151D5C607E00239750 /* 维客报单 */;
			targetProxy = 4A59F03B1D5C607E00239750 /* PBXContainerItemProxy */;
		};
/* End PBXTargetDependency section */

/* Begin PBXVariantGroup section */
		4A59F0271D5C607E00239750 /* LaunchScreen.storyboard */ = {
			isa = PBXVariantGroup;
			children = (
				4A59F0281D5C607E00239750 /* Base */,
			);
			name = LaunchScreen.storyboard;
			sourceTree = "<group>";
		};
/* End PBXVariantGroup section */

/* Begin XCBuildConfiguration section */
		4A59F0411D5C607E00239750 /* Debug */ = {
			isa = XCBuildConfiguration;
			buildSettings = {
				ALWAYS_SEARCH_USER_PATHS = NO;
				CLANG_CXX_LANGUAGE_STANDARD = "gnu++0x";
				CLANG_CXX_LIBRARY = "libc++";
				CLANG_ENABLE_MODULES = YES;
				CLANG_ENABLE_OBJC_ARC = YES;
				CLANG_WARN_BOOL_CONVERSION = YES;
				CLANG_WARN_CONSTANT_CONVERSION = YES;
				CLANG_WARN_DIRECT_OBJC_ISA_USAGE = YES_ERROR;
				CLANG_WARN_EMPTY_BODY = YES;
				CLANG_WARN_ENUM_CONVERSION = YES;
				CLANG_WARN_INT_CONVERSION = YES;
				CLANG_WARN_OBJC_ROOT_CLASS = YES_ERROR;
				CLANG_WARN_UNREACHABLE_CODE = YES;
				CLANG_WARN__DUPLICATE_METHOD_MATCH = YES;
				"CODE_SIGN_IDENTITY[sdk=iphoneos*]" = "iPhone Developer";
				COPY_PHASE_STRIP = NO;
				DEBUG_INFORMATION_FORMAT = dwarf;
				ENABLE_STRICT_OBJC_MSGSEND = YES;
				ENABLE_TESTABILITY = YES;
				GCC_C_LANGUAGE_STANDARD = gnu99;
				GCC_DYNAMIC_NO_PIC = NO;
				GCC_NO_COMMON_BLOCKS = YES;
				GCC_OPTIMIZATION_LEVEL = 0;
				GCC_PREPROCESSOR_DEFINITIONS = (
					"DEBUG=1",
					"$(inherited)",
				);
				GCC_WARN_64_TO_32_BIT_CONVERSION = YES;
				GCC_WARN_ABOUT_RETURN_TYPE = YES_ERROR;
				GCC_WARN_UNDECLARED_SELECTOR = YES;
				GCC_WARN_UNINITIALIZED_AUTOS = YES_AGGRESSIVE;
				GCC_WARN_UNUSED_FUNCTION = YES;
				GCC_WARN_UNUSED_VARIABLE = YES;
				IPHONEOS_DEPLOYMENT_TARGET = 9.2;
				MTL_ENABLE_DEBUG_INFO = YES;
				ONLY_ACTIVE_ARCH = YES;
				SDKROOT = iphoneos;
			};
			name = Debug;
		};
		4A59F0421D5C607E00239750 /* Release */ = {
			isa = XCBuildConfiguration;
			buildSettings = {
				ALWAYS_SEARCH_USER_PATHS = NO;
				CLANG_CXX_LANGUAGE_STANDARD = "gnu++0x";
				CLANG_CXX_LIBRARY = "libc++";
				CLANG_ENABLE_MODULES = YES;
				CLANG_ENABLE_OBJC_ARC = YES;
				CLANG_WARN_BOOL_CONVERSION = YES;
				CLANG_WARN_CONSTANT_CONVERSION = YES;
				CLANG_WARN_DIRECT_OBJC_ISA_USAGE = YES_ERROR;
				CLANG_WARN_EMPTY_BODY = YES;
				CLANG_WARN_ENUM_CONVERSION = YES;
				CLANG_WARN_INT_CONVERSION = YES;
				CLANG_WARN_OBJC_ROOT_CLASS = YES_ERROR;
				CLANG_WARN_UNREACHABLE_CODE = YES;
				CLANG_WARN__DUPLICATE_METHOD_MATCH = YES;
				"CODE_SIGN_IDENTITY[sdk=iphoneos*]" = "iPhone Developer";
				COPY_PHASE_STRIP = NO;
				DEBUG_INFORMATION_FORMAT = "dwarf-with-dsym";
				ENABLE_NS_ASSERTIONS = NO;
				ENABLE_STRICT_OBJC_MSGSEND = YES;
				GCC_C_LANGUAGE_STANDARD = gnu99;
				GCC_NO_COMMON_BLOCKS = YES;
				GCC_WARN_64_TO_32_BIT_CONVERSION = YES;
				GCC_WARN_ABOUT_RETURN_TYPE = YES_ERROR;
				GCC_WARN_UNDECLARED_SELECTOR = YES;
				GCC_WARN_UNINITIALIZED_AUTOS = YES_AGGRESSIVE;
				GCC_WARN_UNUSED_FUNCTION = YES;
				GCC_WARN_UNUSED_VARIABLE = YES;
				IPHONEOS_DEPLOYMENT_TARGET = 9.2;
				MTL_ENABLE_DEBUG_INFO = NO;
				SDKROOT = iphoneos;
				VALIDATE_PRODUCT = YES;
			};
			name = Release;
		};
		4A59F0441D5C607E00239750 /* Debug */ = {
			isa = XCBuildConfiguration;
			baseConfigurationReference = 20C6C6C6661597C6935FD277 /* Pods-维客报单.debug.xcconfig */;
			buildSettings = {
				ASSETCATALOG_COMPILER_APPICON_NAME = AppIcon;
				ASSETCATALOG_COMPILER_LAUNCHIMAGE_NAME = LaunchImage;
				CODE_SIGN_IDENTITY = "iPhone Developer: Yu Guancheng (7JFJ68W47N)";
				GCC_PRECOMPILE_PREFIX_HEADER = YES;
				GCC_PREFIX_HEADER = "/Users/zhangdongdong/Documents/WKBD/维客报单/PrefixHeader.pch";
				INFOPLIST_FILE = "维客报单/Info.plist";
				IPHONEOS_DEPLOYMENT_TARGET = 8.0;
				LD_RUNPATH_SEARCH_PATHS = "$(inherited) @executable_path/Frameworks";
				PRODUCT_BUNDLE_IDENTIFIER = cn.com.WeikeBD;
				PRODUCT_NAME = "$(TARGET_NAME)";
			};
			name = Debug;
		};
		4A59F0451D5C607E00239750 /* Release */ = {
			isa = XCBuildConfiguration;
			baseConfigurationReference = BEBF6F178E8E3AD865AAB76B /* Pods-维客报单.release.xcconfig */;
			buildSettings = {
				ASSETCATALOG_COMPILER_APPICON_NAME = AppIcon;
				ASSETCATALOG_COMPILER_LAUNCHIMAGE_NAME = LaunchImage;
				CODE_SIGN_IDENTITY = "iPhone Distribution: Yu Guancheng (FGP43E8495)";
				GCC_PRECOMPILE_PREFIX_HEADER = YES;
				GCC_PREFIX_HEADER = "/Users/zhangdongdong/Documents/WKBD/维客报单/PrefixHeader.pch";
				INFOPLIST_FILE = "维客报单/Info.plist";
				IPHONEOS_DEPLOYMENT_TARGET = 8.0;
				LD_RUNPATH_SEARCH_PATHS = "$(inherited) @executable_path/Frameworks";
				PRODUCT_BUNDLE_IDENTIFIER = cn.com.WeikeBD;
				PRODUCT_NAME = "$(TARGET_NAME)";
			};
			name = Release;
		};
		4A59F0471D5C607E00239750 /* Debug */ = {
			isa = XCBuildConfiguration;
			buildSettings = {
				BUNDLE_LOADER = "$(TEST_HOST)";
				INFOPLIST_FILE = "维客报单Tests/Info.plist";
				LD_RUNPATH_SEARCH_PATHS = "$(inherited) @executable_path/Frameworks @loader_path/Frameworks";
				PRODUCT_BUNDLE_IDENTIFIER = "baichang.----Tests";
				PRODUCT_NAME = "$(TARGET_NAME)";
				TEST_HOST = "$(BUILT_PRODUCTS_DIR)/维客报单.app/维客报单";
			};
			name = Debug;
		};
		4A59F0481D5C607E00239750 /* Release */ = {
			isa = XCBuildConfiguration;
			buildSettings = {
				BUNDLE_LOADER = "$(TEST_HOST)";
				INFOPLIST_FILE = "维客报单Tests/Info.plist";
				LD_RUNPATH_SEARCH_PATHS = "$(inherited) @executable_path/Frameworks @loader_path/Frameworks";
				PRODUCT_BUNDLE_IDENTIFIER = "baichang.----Tests";
				PRODUCT_NAME = "$(TARGET_NAME)";
				TEST_HOST = "$(BUILT_PRODUCTS_DIR)/维客报单.app/维客报单";
			};
			name = Release;
		};
		4A59F04A1D5C607E00239750 /* Debug */ = {
			isa = XCBuildConfiguration;
			buildSettings = {
				INFOPLIST_FILE = "维客报单UITests/Info.plist";
				LD_RUNPATH_SEARCH_PATHS = "$(inherited) @executable_path/Frameworks @loader_path/Frameworks";
				PRODUCT_BUNDLE_IDENTIFIER = "baichang.----UITests";
				PRODUCT_NAME = "$(TARGET_NAME)";
				TEST_TARGET_NAME = "维客报单";
				USES_XCTRUNNER = YES;
			};
			name = Debug;
		};
		4A59F04B1D5C607E00239750 /* Release */ = {
			isa = XCBuildConfiguration;
			buildSettings = {
				INFOPLIST_FILE = "维客报单UITests/Info.plist";
				LD_RUNPATH_SEARCH_PATHS = "$(inherited) @executable_path/Frameworks @loader_path/Frameworks";
				PRODUCT_BUNDLE_IDENTIFIER = "baichang.----UITests";
				PRODUCT_NAME = "$(TARGET_NAME)";
				TEST_TARGET_NAME = "维客报单";
				USES_XCTRUNNER = YES;
			};
			name = Release;
		};
/* End XCBuildConfiguration section */

/* Begin XCConfigurationList section */
		4A59F0111D5C607E00239750 /* Build configuration list for PBXProject "维客报单" */ = {
			isa = XCConfigurationList;
			buildConfigurations = (
				4A59F0411D5C607E00239750 /* Debug */,
				4A59F0421D5C607E00239750 /* Release */,
			);
			defaultConfigurationIsVisible = 0;
			defaultConfigurationName = Release;
		};
		4A59F0431D5C607E00239750 /* Build configuration list for PBXNativeTarget "维客报单" */ = {
			isa = XCConfigurationList;
			buildConfigurations = (
				4A59F0441D5C607E00239750 /* Debug */,
				4A59F0451D5C607E00239750 /* Release */,
			);
			defaultConfigurationIsVisible = 0;
			defaultConfigurationName = Release;
		};
		4A59F0461D5C607E00239750 /* Build configuration list for PBXNativeTarget "维客报单Tests" */ = {
			isa = XCConfigurationList;
			buildConfigurations = (
				4A59F0471D5C607E00239750 /* Debug */,
				4A59F0481D5C607E00239750 /* Release */,
			);
			defaultConfigurationIsVisible = 0;
			defaultConfigurationName = Release;
		};
		4A59F0491D5C607E00239750 /* Build configuration list for PBXNativeTarget "维客报单UITests" */ = {
			isa = XCConfigurationList;
			buildConfigurations = (
				4A59F04A1D5C607E00239750 /* Debug */,
				4A59F04B1D5C607E00239750 /* Release */,
			);
			defaultConfigurationIsVisible = 0;
			defaultConfigurationName = Release;
		};
/* End XCConfigurationList section */
	};
	rootObject = 4A59F00E1D5C607E00239750 /* Project object */;
}
